
Microsoft Visual Studio Solution File, Format Version 12.00
# Visual Studio Version 17
VisualStudioVersion = 17.5.33502.453
MinimumVisualStudioVersion = 10.0.40219.1
Project("{FAE04EC0-301F-11D3-BF4B-00C04F79EFBC}") = "ConsoleApp2", "ConsoleApp2.csproj", "{B19ACA49-AE05-47F9-A3D5-D4580A8F2A45}"
EndProject
Global
	GlobalSection(SolutionConfigurationPlatforms) = preSolution
		Debug|Any CPU = Debug|Any CPU
		Release|Any CPU = Release|Any CPU
	EndGlobalSection
	GlobalSection(ProjectConfigurationPlatforms) = postSolution
		{B19ACA49-AE05-47F9-A3D5-D4580A8F2A45}.Debug|Any CPU.ActiveCfg = Debug|Any CPU
		{B19ACA49-AE05-47F9-A3D5-D4580A8F2A45}.Debug|Any CPU.Build.0 = Debug|Any CPU
		{B19ACA49-AE05-47F9-A3D5-D4580A8F2A45}.Release|Any CPU.ActiveCfg = Release|Any CPU
		{B19ACA49-AE05-47F9-A3D5-D4580A8F2A45}.Release|Any CPU.Build.0 = Release|Any CPU
	EndGlobalSection
	GlobalSection(SolutionProperties) = preSolution
		HideSolutionNode = FALSE
	EndGlobalSection
	GlobalSection(ExtensibilityGlobals) = postSolution
		SolutionGuid = {563817F9-164D-474D-BAAC-F4CFA2EA5974}
	EndGlobalSection
EndGlobal
