
Microsoft Visual Studio Solution File, Format Version 12.00
# Visual Studio Version 17
VisualStudioVersion = 17.5.33502.453
MinimumVisualStudioVersion = 10.0.40219.1
Project("{FAE04EC0-301F-11D3-BF4B-00C04F79EFBC}") = "Practice Question 7 arrayint", "Practice Question 7 arrayint.csproj", "{B412DC7A-9ADD-451A-BA80-16D793D7CE1D}"
EndProject
Global
	GlobalSection(SolutionConfigurationPlatforms) = preSolution
		Debug|Any CPU = Debug|Any CPU
		Release|Any CPU = Release|Any CPU
	EndGlobalSection
	GlobalSection(ProjectConfigurationPlatforms) = postSolution
		{B412DC7A-9ADD-451A-BA80-16D793D7CE1D}.Debug|Any CPU.ActiveCfg = Debug|Any CPU
		{B412DC7A-9ADD-451A-BA80-16D793D7CE1D}.Debug|Any CPU.Build.0 = Debug|Any CPU
		{B412DC7A-9ADD-451A-BA80-16D793D7CE1D}.Release|Any CPU.ActiveCfg = Release|Any CPU
		{B412DC7A-9ADD-451A-BA80-16D793D7CE1D}.Release|Any CPU.Build.0 = Release|Any CPU
	EndGlobalSection
	GlobalSection(SolutionProperties) = preSolution
		HideSolutionNode = FALSE
	EndGlobalSection
	GlobalSection(ExtensibilityGlobals) = postSolution
		SolutionGuid = {54D2AEA7-5165-47BA-A913-1664262934F5}
	EndGlobalSection
EndGlobal
