
Microsoft Visual Studio Solution File, Format Version 12.00
# Visual Studio Version 17
VisualStudioVersion = 17.5.33502.453
MinimumVisualStudioVersion = 10.0.40219.1
Project("{FAE04EC0-301F-11D3-BF4B-00C04F79EFBC}") = "poly", "poly.csproj", "{20353FDF-D35B-4798-A28B-BA61F49DF081}"
EndProject
Global
	GlobalSection(SolutionConfigurationPlatforms) = preSolution
		Debug|Any CPU = Debug|Any CPU
		Release|Any CPU = Release|Any CPU
	EndGlobalSection
	GlobalSection(ProjectConfigurationPlatforms) = postSolution
		{20353FDF-D35B-4798-A28B-BA61F49DF081}.Debug|Any CPU.ActiveCfg = Debug|Any CPU
		{20353FDF-D35B-4798-A28B-BA61F49DF081}.Debug|Any CPU.Build.0 = Debug|Any CPU
		{20353FDF-D35B-4798-A28B-BA61F49DF081}.Release|Any CPU.ActiveCfg = Release|Any CPU
		{20353FDF-D35B-4798-A28B-BA61F49DF081}.Release|Any CPU.Build.0 = Release|Any CPU
	EndGlobalSection
	GlobalSection(SolutionProperties) = preSolution
		HideSolutionNode = FALSE
	EndGlobalSection
	GlobalSection(ExtensibilityGlobals) = postSolution
		SolutionGuid = {D760D145-EE61-4289-BCD6-D6A9C6CC42BA}
	EndGlobalSection
EndGlobal
