
Microsoft Visual Studio Solution File, Format Version 12.00
# Visual Studio Version 17
VisualStudioVersion = 17.5.33502.453
MinimumVisualStudioVersion = 10.0.40219.1
Project("{FAE04EC0-301F-11D3-BF4B-00C04F79EFBC}") = "Question 8 practice", "Question 8 practice.csproj", "{DA744D1B-00F2-4C96-A586-0004CA1F48C2}"
EndProject
Global
	GlobalSection(SolutionConfigurationPlatforms) = preSolution
		Debug|Any CPU = Debug|Any CPU
		Release|Any CPU = Release|Any CPU
	EndGlobalSection
	GlobalSection(ProjectConfigurationPlatforms) = postSolution
		{DA744D1B-00F2-4C96-A586-0004CA1F48C2}.Debug|Any CPU.ActiveCfg = Debug|Any CPU
		{DA744D1B-00F2-4C96-A586-0004CA1F48C2}.Debug|Any CPU.Build.0 = Debug|Any CPU
		{DA744D1B-00F2-4C96-A586-0004CA1F48C2}.Release|Any CPU.ActiveCfg = Release|Any CPU
		{DA744D1B-00F2-4C96-A586-0004CA1F48C2}.Release|Any CPU.Build.0 = Release|Any CPU
	EndGlobalSection
	GlobalSection(SolutionProperties) = preSolution
		HideSolutionNode = FALSE
	EndGlobalSection
	GlobalSection(ExtensibilityGlobals) = postSolution
		SolutionGuid = {61F40A78-FC11-47F7-A592-4769B9FAF9EF}
	EndGlobalSection
EndGlobal
